
Microsoft Visual Studio Solution File, Format Version 12.00
# Visual Studio Version 17
VisualStudioVersion = 17.11.35327.3
MinimumVisualStudioVersion = 10.0.40219.1
Project("{FAE04EC0-301F-11D3-BF4B-00C04F79EFBC}") = "NexusProject.Shared", "NexusProject.Shared\NexusProject.Shared.csproj", "{866651E0-E0A7-4B4F-B60C-C8804F5AD7E4}"
EndProject
Project("{FAE04EC0-301F-11D3-BF4B-00C04F79EFBC}") = "NexusProject.API", "NexusProject.API\NexusProject.API.csproj", "{F62C547A-51EE-47D8-9394-AF24ECEE0012}"
EndProject
Project("{FAE04EC0-301F-11D3-BF4B-00C04F79EFBC}") = "NexusProject.Web", "NexusProject.Web\NexusProject.Web\NexusProject.Web.csproj", "{3836952D-3628-4B96-B86D-BD1208F1DE1E}"
EndProject
Global
	GlobalSection(SolutionConfigurationPlatforms) = preSolution
		Debug|Any CPU = Debug|Any CPU
		Release|Any CPU = Release|Any CPU
	EndGlobalSection
	GlobalSection(ProjectConfigurationPlatforms) = postSolution
		{866651E0-E0A7-4B4F-B60C-C8804F5AD7E4}.Debug|Any CPU.ActiveCfg = Debug|Any CPU
		{866651E0-E0A7-4B4F-B60C-C8804F5AD7E4}.Debug|Any CPU.Build.0 = Debug|Any CPU
		{866651E0-E0A7-4B4F-B60C-C8804F5AD7E4}.Release|Any CPU.ActiveCfg = Release|Any CPU
		{866651E0-E0A7-4B4F-B60C-C8804F5AD7E4}.Release|Any CPU.Build.0 = Release|Any CPU
		{F62C547A-51EE-47D8-9394-AF24ECEE0012}.Debug|Any CPU.ActiveCfg = Debug|Any CPU
		{F62C547A-51EE-47D8-9394-AF24ECEE0012}.Debug|Any CPU.Build.0 = Debug|Any CPU
		{F62C547A-51EE-47D8-9394-AF24ECEE0012}.Release|Any CPU.ActiveCfg = Release|Any CPU
		{F62C547A-51EE-47D8-9394-AF24ECEE0012}.Release|Any CPU.Build.0 = Release|Any CPU
		{3836952D-3628-4B96-B86D-BD1208F1DE1E}.Debug|Any CPU.ActiveCfg = Debug|Any CPU
		{3836952D-3628-4B96-B86D-BD1208F1DE1E}.Debug|Any CPU.Build.0 = Debug|Any CPU
		{3836952D-3628-4B96-B86D-BD1208F1DE1E}.Release|Any CPU.ActiveCfg = Release|Any CPU
		{3836952D-3628-4B96-B86D-BD1208F1DE1E}.Release|Any CPU.Build.0 = Release|Any CPU
	EndGlobalSection
	GlobalSection(SolutionProperties) = preSolution
		HideSolutionNode = FALSE
	EndGlobalSection
	GlobalSection(ExtensibilityGlobals) = postSolution
		SolutionGuid = {F53ADF0B-1F5E-4F20-97AB-E7E036D76EFA}
	EndGlobalSection
EndGlobal
